{
  "name": "recalld",
  "version": "0.1.0",
  "lockfileVersion": 3,
  "requires": true,
  "packages": {
    "": {
      "name": "recalld",
      "version": "0.1.0",
      "license": "MIT",
      "bin": {
        "recalld": "index.js"
      },
      "engines": {
        "node": ">=18.0.0"
      }
    }
  }
}
